uuid: 4638da2b-9553-4e76-8945-d83994051cc6
langcode: it
status: true
dependencies:
  module:
    - agid_twitter_block
    - block_class
    - language
    - system
  theme:
    - agid
third_party_settings:
  block_class:
    classes: ''
id: twitterblock
theme: agid
region: twitter_area
weight: -18
provider: null
plugin: agid_twitter_block
settings:
  id: agid_twitter_block
  label: TwitterBlock
  provider: agid_twitter_block
  label_display: '0'
  title: '@AgidGov'
  username: AgidGov
  tweets_to_show: '3'
  consumer_key: v4SIFJZzepNBv5G7WrKJT0GPz
  consumer_secret: TWtjb3peBo8XYOzrIu979uSiu3YGkOg58hyIqyJHTh0UlXpZGE
  access_token: 2383600026-j12IPQFIZjohBNyATqWHaPP06ZHxNk99s4GX5F2
  access_token_secret: iBmValTud5c2EZtGXdzX3IS4Ouenj344UiSvr8C7WMTCw
visibility:
  request_path:
    id: request_path
    pages: '<front>'
    negate: false
    context_mapping: {  }
  language:
    id: language
    langcodes:
      it: it
    negate: false
    context_mapping:
      language: '@language.current_language_context:language_interface'
