uuid: 7920ea9c-5215-426c-8951-8a9f2b175264
langcode: it
status: true
dependencies:
  module:
    - agid_footer
    - block_class
    - language
  theme:
    - agid
third_party_settings:
  block_class:
    classes: ''
id: contactblock
theme: agid
region: footer_middle
weight: -7
provider: null
plugin: contact_block
settings:
  id: contact_block
  label: Contatti
  provider: agid_footer
  label_display: '0'
  indirizzo:
    - 'Via Liszt 21 - 00144 Roma'
    - 'Telefono: +39 06852641'
    - ''
    - ''
  url_link: ''
  codice_fiscale: '97735020584'
  pec: protocollo@pec.agid.gov.it
  press: stampa@agid.gov.it
  url_gmaps: 'https://www.google.it/maps/place/Via+Liszt,+21,+00144+Roma+RM/@41.8336525,12.4653778,17z/data=!3m1!4b1!4m5!3m4!1s0x13258ae3d27bf449:0x5aa2ce4a30bafdda!8m2!3d41.8336485!4d12.4675665'
  url_scrivici: /contattaci
visibility:
  language:
    id: language
    langcodes:
      en: en
      it: it
    negate: false
    context_mapping:
      language: '@language.current_language_context:language_interface'
